
Microsoft Visual Studio Solution File, Format Version 11.00
# Visual Studio 2010
Project("{FAE04EC0-301F-11D3-BF4B-00C04F79EFBC}") = "VRBowling", "Assembly-CSharp.csproj", "{8400669E-24E0-9148-02F8-5667A689C0C5}"
EndProject
Project("{FAE04EC0-301F-11D3-BF4B-00C04F79EFBC}") = "VRBowling", "Assembly-CSharp-Editor.csproj", "{AE795B37-DAF6-0267-C987-9F5891A1E593}"
EndProject
Global
	GlobalSection(SolutionConfigurationPlatforms) = preSolution
		Debug|Any CPU = Debug|Any CPU
		Release|Any CPU = Release|Any CPU
	EndGlobalSection
	GlobalSection(ProjectConfigurationPlatforms) = postSolution
		{8400669E-24E0-9148-02F8-5667A689C0C5}.Debug|Any CPU.ActiveCfg = Debug|Any CPU
		{8400669E-24E0-9148-02F8-5667A689C0C5}.Debug|Any CPU.Build.0 = Debug|Any CPU
		{8400669E-24E0-9148-02F8-5667A689C0C5}.Release|Any CPU.ActiveCfg = Release|Any CPU
		{8400669E-24E0-9148-02F8-5667A689C0C5}.Release|Any CPU.Build.0 = Release|Any CPU
		{AE795B37-DAF6-0267-C987-9F5891A1E593}.Debug|Any CPU.ActiveCfg = Debug|Any CPU
		{AE795B37-DAF6-0267-C987-9F5891A1E593}.Debug|Any CPU.Build.0 = Debug|Any CPU
		{AE795B37-DAF6-0267-C987-9F5891A1E593}.Release|Any CPU.ActiveCfg = Release|Any CPU
		{AE795B37-DAF6-0267-C987-9F5891A1E593}.Release|Any CPU.Build.0 = Release|Any CPU
	EndGlobalSection
	GlobalSection(SolutionProperties) = preSolution
		HideSolutionNode = FALSE
	EndGlobalSection
	GlobalSection(MonoDevelopProperties) = preSolution
		StartupItem = Assembly-CSharp.csproj
	EndGlobalSection
EndGlobal
